
Microsoft Visual Studio Solution File, Format Version 12.00
# Visual Studio 15
VisualStudioVersion = 15.0.28307.572
MinimumVisualStudioVersion = 10.0.40219.1
Project("{FAE04EC0-301F-11D3-BF4B-00C04F79EFBC}") = "YouTubeDiscordRPC", "YouTubeDiscordRPC\YouTubeDiscordRPC.csproj", "{EA836DDD-0FCA-4F5B-B048-7E86D1C750BF}"
EndProject
Global
	GlobalSection(SolutionConfigurationPlatforms) = preSolution
		Debug|Any CPU = Debug|Any CPU
		Release|Any CPU = Release|Any CPU
	EndGlobalSection
	GlobalSection(ProjectConfigurationPlatforms) = postSolution
		{EA836DDD-0FCA-4F5B-B048-7E86D1C750BF}.Debug|Any CPU.ActiveCfg = Debug|Any CPU
		{EA836DDD-0FCA-4F5B-B048-7E86D1C750BF}.Debug|Any CPU.Build.0 = Debug|Any CPU
		{EA836DDD-0FCA-4F5B-B048-7E86D1C750BF}.Release|Any CPU.ActiveCfg = Release|Any CPU
		{EA836DDD-0FCA-4F5B-B048-7E86D1C750BF}.Release|Any CPU.Build.0 = Release|Any CPU
	EndGlobalSection
	GlobalSection(SolutionProperties) = preSolution
		HideSolutionNode = FALSE
	EndGlobalSection
	GlobalSection(ExtensibilityGlobals) = postSolution
		SolutionGuid = {E4EFB54A-7276-43C6-9B17-6C2A3867235B}
	EndGlobalSection
EndGlobal
